
Microsoft Visual Studio Solution File, Format Version 12.00
# Visual Studio Version 17
VisualStudioVersion = 17.3.32721.290
MinimumVisualStudioVersion = 10.0.40219.1
Project("{FAE04EC0-301F-11D3-BF4B-00C04F79EFBC}") = "AlgorithmsTest", "AlgorithmsTest\AlgorithmsTest.csproj", "{B089189D-4E73-4705-A1D2-C8A789C7F08B}"
EndProject
Project("{FAE04EC0-301F-11D3-BF4B-00C04F79EFBC}") = "AlgorithmsLibrary", "AlgorithmsLibrary\AlgorithmsLibrary.csproj", "{6A9347B5-7803-4797-B767-CEBE65F27A11}"
EndProject
Global
	GlobalSection(SolutionConfigurationPlatforms) = preSolution
		Debug|Any CPU = Debug|Any CPU
		Release|Any CPU = Release|Any CPU
	EndGlobalSection
	GlobalSection(ProjectConfigurationPlatforms) = postSolution
		{B089189D-4E73-4705-A1D2-C8A789C7F08B}.Debug|Any CPU.ActiveCfg = Debug|Any CPU
		{B089189D-4E73-4705-A1D2-C8A789C7F08B}.Debug|Any CPU.Build.0 = Debug|Any CPU
		{B089189D-4E73-4705-A1D2-C8A789C7F08B}.Release|Any CPU.ActiveCfg = Release|Any CPU
		{B089189D-4E73-4705-A1D2-C8A789C7F08B}.Release|Any CPU.Build.0 = Release|Any CPU
		{6A9347B5-7803-4797-B767-CEBE65F27A11}.Debug|Any CPU.ActiveCfg = Debug|Any CPU
		{6A9347B5-7803-4797-B767-CEBE65F27A11}.Debug|Any CPU.Build.0 = Debug|Any CPU
		{6A9347B5-7803-4797-B767-CEBE65F27A11}.Release|Any CPU.ActiveCfg = Release|Any CPU
		{6A9347B5-7803-4797-B767-CEBE65F27A11}.Release|Any CPU.Build.0 = Release|Any CPU
	EndGlobalSection
	GlobalSection(SolutionProperties) = preSolution
		HideSolutionNode = FALSE
	EndGlobalSection
	GlobalSection(ExtensibilityGlobals) = postSolution
		SolutionGuid = {4CB1D3B9-F0AB-4756-84F4-9C555D9F53DF}
	EndGlobalSection
EndGlobal
